
Microsoft Visual Studio Solution File, Format Version 12.00
# Visual Studio Version 17
VisualStudioVersion = 17.10.34928.147
MinimumVisualStudioVersion = 10.0.40219.1
Project("{9A19103F-16F7-4668-BE54-9A1E7A4F7556}") = "CSharpSmartHome", "CSharpSmartHome.csproj", "{E11957F7-0839-42E9-9D64-78AB18DDC23C}"
EndProject
Project("{9A19103F-16F7-4668-BE54-9A1E7A4F7556}") = "CSharpSmartHomeHardware", "..\CSharpSmartHomeHardware\CSharpSmartHomeHardware.csproj", "{A2810467-647B-4FA4-AB40-EDDC16F653FC}"
EndProject
Project("{FAE04EC0-301F-11D3-BF4B-00C04F79EFBC}") = "CSharpSmartHomeApplication", "..\CSharpSmartHomeApplication\CSharpSmartHomeApplication.csproj", "{5B0E7773-8209-4F58-A80F-FCDFE93A4A84}"
EndProject
Project("{FAE04EC0-301F-11D3-BF4B-00C04F79EFBC}") = "CSharpSmartHomeCore", "..\CSharpSmartHomeCore\CSharpSmartHomeCore.csproj", "{811A1827-5407-45D2-8F46-D34C8B13D084}"
EndProject
Global
	GlobalSection(SolutionConfigurationPlatforms) = preSolution
		Debug|Any CPU = Debug|Any CPU
		Release|Any CPU = Release|Any CPU
	EndGlobalSection
	GlobalSection(ProjectConfigurationPlatforms) = postSolution
		{E11957F7-0839-42E9-9D64-78AB18DDC23C}.Debug|Any CPU.ActiveCfg = Debug|Any CPU
		{E11957F7-0839-42E9-9D64-78AB18DDC23C}.Debug|Any CPU.Build.0 = Debug|Any CPU
		{E11957F7-0839-42E9-9D64-78AB18DDC23C}.Release|Any CPU.ActiveCfg = Release|Any CPU
		{E11957F7-0839-42E9-9D64-78AB18DDC23C}.Release|Any CPU.Build.0 = Release|Any CPU
		{A2810467-647B-4FA4-AB40-EDDC16F653FC}.Debug|Any CPU.ActiveCfg = Debug|Any CPU
		{A2810467-647B-4FA4-AB40-EDDC16F653FC}.Debug|Any CPU.Build.0 = Debug|Any CPU
		{A2810467-647B-4FA4-AB40-EDDC16F653FC}.Release|Any CPU.ActiveCfg = Release|Any CPU
		{A2810467-647B-4FA4-AB40-EDDC16F653FC}.Release|Any CPU.Build.0 = Release|Any CPU
		{5B0E7773-8209-4F58-A80F-FCDFE93A4A84}.Debug|Any CPU.ActiveCfg = Debug|Any CPU
		{5B0E7773-8209-4F58-A80F-FCDFE93A4A84}.Debug|Any CPU.Build.0 = Debug|Any CPU
		{5B0E7773-8209-4F58-A80F-FCDFE93A4A84}.Release|Any CPU.ActiveCfg = Release|Any CPU
		{5B0E7773-8209-4F58-A80F-FCDFE93A4A84}.Release|Any CPU.Build.0 = Release|Any CPU
		{811A1827-5407-45D2-8F46-D34C8B13D084}.Debug|Any CPU.ActiveCfg = Debug|Any CPU
		{811A1827-5407-45D2-8F46-D34C8B13D084}.Debug|Any CPU.Build.0 = Debug|Any CPU
		{811A1827-5407-45D2-8F46-D34C8B13D084}.Release|Any CPU.ActiveCfg = Release|Any CPU
		{811A1827-5407-45D2-8F46-D34C8B13D084}.Release|Any CPU.Build.0 = Release|Any CPU
	EndGlobalSection
	GlobalSection(SolutionProperties) = preSolution
		HideSolutionNode = FALSE
	EndGlobalSection
	GlobalSection(ExtensibilityGlobals) = postSolution
		SolutionGuid = {BD6EA3B6-AEDF-431C-B46B-5B358160FCAA}
	EndGlobalSection
EndGlobal
